
Microsoft Visual Studio Solution File, Format Version 12.00
# Visual Studio Version 17
VisualStudioVersion = 17.11.35327.3
MinimumVisualStudioVersion = 10.0.40219.1
Project("{FAE04EC0-301F-11D3-BF4B-00C04F79EFBC}") = "App", "App\App.csproj", "{A2DC3BCE-C390-4112-BD4B-F830C8231E9A}"
EndProject
Project("{FAE04EC0-301F-11D3-BF4B-00C04F79EFBC}") = "Tests", "Tests\Tests.csproj", "{368116AE-8731-4DBB-9809-D55E0DCB7910}"
EndProject
Global
	GlobalSection(SolutionConfigurationPlatforms) = preSolution
		Debug|Any CPU = Debug|Any CPU
		Release|Any CPU = Release|Any CPU
	EndGlobalSection
	GlobalSection(ProjectConfigurationPlatforms) = postSolution
		{A2DC3BCE-C390-4112-BD4B-F830C8231E9A}.Debug|Any CPU.ActiveCfg = Debug|Any CPU
		{A2DC3BCE-C390-4112-BD4B-F830C8231E9A}.Debug|Any CPU.Build.0 = Debug|Any CPU
		{A2DC3BCE-C390-4112-BD4B-F830C8231E9A}.Release|Any CPU.ActiveCfg = Release|Any CPU
		{A2DC3BCE-C390-4112-BD4B-F830C8231E9A}.Release|Any CPU.Build.0 = Release|Any CPU
		{368116AE-8731-4DBB-9809-D55E0DCB7910}.Debug|Any CPU.ActiveCfg = Debug|Any CPU
		{368116AE-8731-4DBB-9809-D55E0DCB7910}.Debug|Any CPU.Build.0 = Debug|Any CPU
		{368116AE-8731-4DBB-9809-D55E0DCB7910}.Release|Any CPU.ActiveCfg = Release|Any CPU
		{368116AE-8731-4DBB-9809-D55E0DCB7910}.Release|Any CPU.Build.0 = Release|Any CPU
	EndGlobalSection
	GlobalSection(SolutionProperties) = preSolution
		HideSolutionNode = FALSE
	EndGlobalSection
	GlobalSection(ExtensibilityGlobals) = postSolution
		SolutionGuid = {29B7781F-0871-4715-B83C-80366DF28C87}
	EndGlobalSection
EndGlobal
